
Microsoft Visual Studio Solution File, Format Version 12.00
# Visual Studio 15
VisualStudioVersion = 15.0.28010.2046
MinimumVisualStudioVersion = 10.0.40219.1
Project("{9A19103F-16F7-4668-BE54-9A1E7A4F7556}") = "CQRS.Web", "CQRS\CQRS.Web.csproj", "{784AEF94-314D-4980-BD08-DE9BD556C198}"
EndProject
Project("{9A19103F-16F7-4668-BE54-9A1E7A4F7556}") = "CQRS.Domain", "Domain\CQRS.Domain.csproj", "{63D77656-8232-4DDB-A5D7-C1A444B2ECAE}"
EndProject
Project("{FAE04EC0-301F-11D3-BF4B-00C04F79EFBC}") = "CQRS.Employee", "Employee\CQRS.Employee.csproj", "{349F121A-B028-4BC0-83DA-EA404DB0F838}"
EndProject
Global
	GlobalSection(SolutionConfigurationPlatforms) = preSolution
		Debug|Any CPU = Debug|Any CPU
		Release|Any CPU = Release|Any CPU
	EndGlobalSection
	GlobalSection(ProjectConfigurationPlatforms) = postSolution
		{784AEF94-314D-4980-BD08-DE9BD556C198}.Debug|Any CPU.ActiveCfg = Debug|Any CPU
		{784AEF94-314D-4980-BD08-DE9BD556C198}.Debug|Any CPU.Build.0 = Debug|Any CPU
		{784AEF94-314D-4980-BD08-DE9BD556C198}.Release|Any CPU.ActiveCfg = Release|Any CPU
		{784AEF94-314D-4980-BD08-DE9BD556C198}.Release|Any CPU.Build.0 = Release|Any CPU
		{63D77656-8232-4DDB-A5D7-C1A444B2ECAE}.Debug|Any CPU.ActiveCfg = Debug|Any CPU
		{63D77656-8232-4DDB-A5D7-C1A444B2ECAE}.Debug|Any CPU.Build.0 = Debug|Any CPU
		{63D77656-8232-4DDB-A5D7-C1A444B2ECAE}.Release|Any CPU.ActiveCfg = Release|Any CPU
		{63D77656-8232-4DDB-A5D7-C1A444B2ECAE}.Release|Any CPU.Build.0 = Release|Any CPU
		{349F121A-B028-4BC0-83DA-EA404DB0F838}.Debug|Any CPU.ActiveCfg = Debug|Any CPU
		{349F121A-B028-4BC0-83DA-EA404DB0F838}.Debug|Any CPU.Build.0 = Debug|Any CPU
		{349F121A-B028-4BC0-83DA-EA404DB0F838}.Release|Any CPU.ActiveCfg = Release|Any CPU
		{349F121A-B028-4BC0-83DA-EA404DB0F838}.Release|Any CPU.Build.0 = Release|Any CPU
	EndGlobalSection
	GlobalSection(SolutionProperties) = preSolution
		HideSolutionNode = FALSE
	EndGlobalSection
	GlobalSection(ExtensibilityGlobals) = postSolution
		SolutionGuid = {626CF9DF-38B6-4423-8098-E74750BE86A9}
	EndGlobalSection
EndGlobal
